<?xml version="1.0" encoding="utf-8"?>
<Project ToolsVersion="4.0" xmlns="http://schemas.microsoft.com/developer/msbuild/2003">
  <ItemGroup>
    <Filter Include="Source Files">
      <UniqueIdentifier>{4FC737F1-C7A5-4376-A066-2A32D752A2FF}</UniqueIdentifier>
      <Extensions>cpp;c;cc;cxx;def;odl;idl;hpj;bat;asm;asmx</Extensions>
    </Filter>
    <Filter Include="Header Files">
      <UniqueIdentifier>{93995380-89BD-4b04-88EB-625FBE52EBFB}</UniqueIdentifier>
      <Extensions>h;hpp;hxx;hm;inl;inc;xsd</Extensions>
    </Filter>
    <Filter Include="Resource Files">
      <UniqueIdentifier>{67DA6AB6-F800-4c08-8B7A-83BB121AAD01}</UniqueIdentifier>
      <Extensions>rc;ico;cur;bmp;dlg;rc2;rct;bin;rgs;gif;jpg;jpeg;jpe;resx;tiff;tif;png;wav;mfcribbon-ms</Extensions>
    </Filter>
    <Filter Include="Header Files\ImageAlgorithms">
      <UniqueIdentifier>{b582fc62-e32b-4875-9108-8a9cd05795c6}</UniqueIdentifier>
    </Filter>
    <Filter Include="Source Files\ImageAlgorithms">
      <UniqueIdentifier>{4ffdc538-5166-43ac-9ea8-7f26abff2797}</UniqueIdentifier>
    </Filter>
    <Filter Include="Header Files\Training">
      <UniqueIdentifier>{a39b95b0-8046-4786-a02a-b627ed66fd45}</UniqueIdentifier>
    </Filter>
    <Filter Include="Source Files\Training">
      <UniqueIdentifier>{88d500af-03fc-4a4e-b9f0-d96fb26d37af}</UniqueIdentifier>
    </Filter>
    <Filter Include="Header Files\AI">
      <UniqueIdentifier>{853af0ab-ae7b-49fb-a91b-43946573d0c5}</UniqueIdentifier>
    </Filter>
    <Filter Include="Source Files\AI">
      <UniqueIdentifier>{88c91fe1-27a0-4955-8ff0-1b017f436357}</UniqueIdentifier>
    </Filter>
  </ItemGroup>
  <ItemGroup>
    <None Include="ReadMe.txt" />
    <None Include="AI\Layer.h">
      <Filter>Header Files\AI</Filter>
    </None>
  </ItemGroup>
  <ItemGroup>
    <ClInclude Include="ImageAlgorithms\ImageFeatures.h">
      <Filter>Header Files\ImageAlgorithms</Filter>
    </ClInclude>
    <ClInclude Include="ImageAlgorithms\ContouredImage.h">
      <Filter>Header Files\ImageAlgorithms</Filter>
    </ClInclude>
    <ClInclude Include="ImageAlgorithms\Circle.h">
      <Filter>Header Files\ImageAlgorithms</Filter>
    </ClInclude>
    <ClInclude Include="ImageAlgorithms\Box.h">
      <Filter>Header Files\ImageAlgorithms</Filter>
    </ClInclude>
    <ClInclude Include="Training\TrainingDataLoader.h">
      <Filter>Header Files\Training</Filter>
    </ClInclude>
    <ClInclude Include="Training\TrainingData.h">
      <Filter>Header Files\Training</Filter>
    </ClInclude>
    <ClInclude Include="AI\Neuron.h">
      <Filter>Header Files\AI</Filter>
    </ClInclude>
    <ClInclude Include="AI\NeuralNetwork.h">
      <Filter>Header Files\AI</Filter>
    </ClInclude>
    <ClInclude Include="AI\FurtherLayer.h">
      <Filter>Header Files\AI</Filter>
    </ClInclude>
    <ClInclude Include="AI\OutputLayer.h">
      <Filter>Header Files\AI</Filter>
    </ClInclude>
    <ClInclude Include="AI\HiddenLayer.h">
      <Filter>Header Files\AI</Filter>
    </ClInclude>
    <ClInclude Include="NeuronTranslator.h">
      <Filter>Header Files</Filter>
    </ClInclude>
  </ItemGroup>
  <ItemGroup>
    <ClCompile Include="BIAIShapes.cpp">
      <Filter>Source Files</Filter>
    </ClCompile>
    <ClCompile Include="ImageAlgorithms\ImageFeatures.cpp">
      <Filter>Source Files\ImageAlgorithms</Filter>
    </ClCompile>
    <ClCompile Include="ImageAlgorithms\ContouredImage.cpp">
      <Filter>Source Files\ImageAlgorithms</Filter>
    </ClCompile>
    <ClCompile Include="Training\TrainingData.cpp">
      <Filter>Source Files\Training</Filter>
    </ClCompile>
    <ClCompile Include="AI\Neuron.cpp">
      <Filter>Source Files\AI</Filter>
    </ClCompile>
    <ClCompile Include="AI\Layer.cpp">
      <Filter>Source Files\AI</Filter>
    </ClCompile>
    <ClCompile Include="AI\NeuralNetwork.cpp">
      <Filter>Source Files\AI</Filter>
    </ClCompile>
    <ClCompile Include="AI\FurtherLayer.cpp">
      <Filter>Source Files\AI</Filter>
    </ClCompile>
    <ClCompile Include="AI\OutputLayer.cpp">
      <Filter>Source Files\AI</Filter>
    </ClCompile>
    <ClCompile Include="AI\HiddenLayer.cpp">
      <Filter>Source Files\AI</Filter>
    </ClCompile>
  </ItemGroup>
</Project>